
Microsoft Visual Studio Solution File, Format Version 12.00
# Visual Studio Version 17
VisualStudioVersion = 17.9.34902.65
MinimumVisualStudioVersion = 10.0.40219.1
Project("{9A19103F-16F7-4668-BE54-9A1E7A4F7556}") = "BouncingBall", "BouncingBallCross\BouncingBall.csproj", "{9181C5A7-C974-4BC8-BBAD-7D111FABB947}"
EndProject
Global
	GlobalSection(SolutionConfigurationPlatforms) = preSolution
		Debug|Any CPU = Debug|Any CPU
		Release|Any CPU = Release|Any CPU
	EndGlobalSection
	GlobalSection(ProjectConfigurationPlatforms) = postSolution
		{9181C5A7-C974-4BC8-BBAD-7D111FABB947}.Debug|Any CPU.ActiveCfg = Debug|Any CPU
		{9181C5A7-C974-4BC8-BBAD-7D111FABB947}.Debug|Any CPU.Build.0 = Debug|Any CPU
		{9181C5A7-C974-4BC8-BBAD-7D111FABB947}.Debug|Any CPU.Deploy.0 = Debug|Any CPU
		{9181C5A7-C974-4BC8-BBAD-7D111FABB947}.Release|Any CPU.ActiveCfg = Release|Any CPU
		{9181C5A7-C974-4BC8-BBAD-7D111FABB947}.Release|Any CPU.Build.0 = Release|Any CPU
		{9181C5A7-C974-4BC8-BBAD-7D111FABB947}.Release|Any CPU.Deploy.0 = Release|Any CPU
	EndGlobalSection
	GlobalSection(SolutionProperties) = preSolution
		HideSolutionNode = FALSE
	EndGlobalSection
	GlobalSection(ExtensibilityGlobals) = postSolution
		SolutionGuid = {3D62C9C0-39E2-41FF-8EB5-B909EE2C9800}
	EndGlobalSection
EndGlobal
